{
  "name": "css-transitions",
  "version": "1.0.0",
  "lockfileVersion": 1,
  "requires": true,
  "dependencies": {
    "pigeon-overlay": {
      "version": "0.2.3",
      "resolved": "https://registry.npmjs.org/pigeon-overlay/-/pigeon-overlay-0.2.3.tgz",
      "integrity": "sha512-mkHwYzDdzdd45XmWW3RB6Vxi0cj1F2CWRzFS8lyDmZcKiruKwhoAa4D3d/hfoO/R3TeHK3IJNNoVV02hP2PJ6Q==",
      "dev": true
    }
  }
}
